
Microsoft Visual Studio Solution File, Format Version 12.00
# Visual Studio Version 16
VisualStudioVersion = 16.0.30330.147
MinimumVisualStudioVersion = 10.0.40219.1
Project("{8BC9CEB8-8B4A-11D0-8D11-00A0C91BC942}") = "Singleton", "Creational Patterns\Singleton\Singleton.vcxproj", "{9C63696E-75CC-455D-ACC5-54D143D027EC}"
EndProject
Project("{8BC9CEB8-8B4A-11D0-8D11-00A0C91BC942}") = "Builder", "Creational Patterns\Builder\Builder.vcxproj", "{52E6F837-6F13-4038-9138-4F1F832E5690}"
EndProject
Project("{8BC9CEB8-8B4A-11D0-8D11-00A0C91BC942}") = "FactoryMethod", "Creational Patterns\FactoryMethod\FactoryMethod.vcxproj", "{F1F64CCE-4A7F-43AF-8B16-D3C7CA145D31}"
EndProject
Project("{8BC9CEB8-8B4A-11D0-8D11-00A0C91BC942}") = "AbstractFactory", "Creational Patterns\AbstractFactory\AbstractFactory.vcxproj", "{88D515D2-B8F2-4F93-AEE0-51CE22F1D2CE}"
EndProject
Project("{8BC9CEB8-8B4A-11D0-8D11-00A0C91BC942}") = "Adapter", "Structural Patterns\Adapter\Adapter.vcxproj", "{C7E74C40-85EE-45DD-AA61-AD10357E8776}"
EndProject
Project("{8BC9CEB8-8B4A-11D0-8D11-00A0C91BC942}") = "Bridge", "Structural Patterns\Bridge\Bridge.vcxproj", "{D7680041-D32C-4CE4-9E44-2E48406D7595}"
EndProject
Project("{8BC9CEB8-8B4A-11D0-8D11-00A0C91BC942}") = "Decorator", "Structural Patterns\Decorator\Decorator.vcxproj", "{08C89447-59E3-4840-9420-5DAC99F0A494}"
EndProject
Project("{8BC9CEB8-8B4A-11D0-8D11-00A0C91BC942}") = "Proxy", "Structural Patterns\Proxy\Proxy.vcxproj", "{1245D61D-7E53-4325-98D2-262BE63F6550}"
EndProject
Project("{8BC9CEB8-8B4A-11D0-8D11-00A0C91BC942}") = "Facade", "Structural Patterns\Facade\Facade.vcxproj", "{B89F9AB9-9B44-4E7A-8579-7F7E74892135}"
EndProject
Project("{8BC9CEB8-8B4A-11D0-8D11-00A0C91BC942}") = "Strategy", "Behavioral Patterns\Strategy\Strategy.vcxproj", "{7D6C7750-6516-4DA3-80B4-2FC5A6192FEB}"
EndProject
Global
	GlobalSection(SolutionConfigurationPlatforms) = preSolution
		Debug|x64 = Debug|x64
		Debug|x86 = Debug|x86
		Release|x64 = Release|x64
		Release|x86 = Release|x86
	EndGlobalSection
	GlobalSection(ProjectConfigurationPlatforms) = postSolution
		{9C63696E-75CC-455D-ACC5-54D143D027EC}.Debug|x64.ActiveCfg = Debug|x64
		{9C63696E-75CC-455D-ACC5-54D143D027EC}.Debug|x64.Build.0 = Debug|x64
		{9C63696E-75CC-455D-ACC5-54D143D027EC}.Debug|x86.ActiveCfg = Debug|Win32
		{9C63696E-75CC-455D-ACC5-54D143D027EC}.Debug|x86.Build.0 = Debug|Win32
		{9C63696E-75CC-455D-ACC5-54D143D027EC}.Release|x64.ActiveCfg = Release|x64
		{9C63696E-75CC-455D-ACC5-54D143D027EC}.Release|x64.Build.0 = Release|x64
		{9C63696E-75CC-455D-ACC5-54D143D027EC}.Release|x86.ActiveCfg = Release|Win32
		{9C63696E-75CC-455D-ACC5-54D143D027EC}.Release|x86.Build.0 = Release|Win32
		{52E6F837-6F13-4038-9138-4F1F832E5690}.Debug|x64.ActiveCfg = Debug|x64
		{52E6F837-6F13-4038-9138-4F1F832E5690}.Debug|x64.Build.0 = Debug|x64
		{52E6F837-6F13-4038-9138-4F1F832E5690}.Debug|x86.ActiveCfg = Debug|Win32
		{52E6F837-6F13-4038-9138-4F1F832E5690}.Debug|x86.Build.0 = Debug|Win32
		{52E6F837-6F13-4038-9138-4F1F832E5690}.Release|x64.ActiveCfg = Release|x64
		{52E6F837-6F13-4038-9138-4F1F832E5690}.Release|x64.Build.0 = Release|x64
		{52E6F837-6F13-4038-9138-4F1F832E5690}.Release|x86.ActiveCfg = Release|Win32
		{52E6F837-6F13-4038-9138-4F1F832E5690}.Release|x86.Build.0 = Release|Win32
		{F1F64CCE-4A7F-43AF-8B16-D3C7CA145D31}.Debug|x64.ActiveCfg = Debug|x64
		{F1F64CCE-4A7F-43AF-8B16-D3C7CA145D31}.Debug|x64.Build.0 = Debug|x64
		{F1F64CCE-4A7F-43AF-8B16-D3C7CA145D31}.Debug|x86.ActiveCfg = Debug|Win32
		{F1F64CCE-4A7F-43AF-8B16-D3C7CA145D31}.Debug|x86.Build.0 = Debug|Win32
		{F1F64CCE-4A7F-43AF-8B16-D3C7CA145D31}.Release|x64.ActiveCfg = Release|x64
		{F1F64CCE-4A7F-43AF-8B16-D3C7CA145D31}.Release|x64.Build.0 = Release|x64
		{F1F64CCE-4A7F-43AF-8B16-D3C7CA145D31}.Release|x86.ActiveCfg = Release|Win32
		{F1F64CCE-4A7F-43AF-8B16-D3C7CA145D31}.Release|x86.Build.0 = Release|Win32
		{88D515D2-B8F2-4F93-AEE0-51CE22F1D2CE}.Debug|x64.ActiveCfg = Debug|x64
		{88D515D2-B8F2-4F93-AEE0-51CE22F1D2CE}.Debug|x64.Build.0 = Debug|x64
		{88D515D2-B8F2-4F93-AEE0-51CE22F1D2CE}.Debug|x86.ActiveCfg = Debug|Win32
		{88D515D2-B8F2-4F93-AEE0-51CE22F1D2CE}.Debug|x86.Build.0 = Debug|Win32
		{88D515D2-B8F2-4F93-AEE0-51CE22F1D2CE}.Release|x64.ActiveCfg = Release|x64
		{88D515D2-B8F2-4F93-AEE0-51CE22F1D2CE}.Release|x64.Build.0 = Release|x64
		{88D515D2-B8F2-4F93-AEE0-51CE22F1D2CE}.Release|x86.ActiveCfg = Release|Win32
		{88D515D2-B8F2-4F93-AEE0-51CE22F1D2CE}.Release|x86.Build.0 = Release|Win32
		{C7E74C40-85EE-45DD-AA61-AD10357E8776}.Debug|x64.ActiveCfg = Debug|x64
		{C7E74C40-85EE-45DD-AA61-AD10357E8776}.Debug|x64.Build.0 = Debug|x64
		{C7E74C40-85EE-45DD-AA61-AD10357E8776}.Debug|x86.ActiveCfg = Debug|Win32
		{C7E74C40-85EE-45DD-AA61-AD10357E8776}.Debug|x86.Build.0 = Debug|Win32
		{C7E74C40-85EE-45DD-AA61-AD10357E8776}.Release|x64.ActiveCfg = Release|x64
		{C7E74C40-85EE-45DD-AA61-AD10357E8776}.Release|x64.Build.0 = Release|x64
		{C7E74C40-85EE-45DD-AA61-AD10357E8776}.Release|x86.ActiveCfg = Release|Win32
		{C7E74C40-85EE-45DD-AA61-AD10357E8776}.Release|x86.Build.0 = Release|Win32
		{D7680041-D32C-4CE4-9E44-2E48406D7595}.Debug|x64.ActiveCfg = Debug|x64
		{D7680041-D32C-4CE4-9E44-2E48406D7595}.Debug|x64.Build.0 = Debug|x64
		{D7680041-D32C-4CE4-9E44-2E48406D7595}.Debug|x86.ActiveCfg = Debug|Win32
		{D7680041-D32C-4CE4-9E44-2E48406D7595}.Debug|x86.Build.0 = Debug|Win32
		{D7680041-D32C-4CE4-9E44-2E48406D7595}.Release|x64.ActiveCfg = Release|x64
		{D7680041-D32C-4CE4-9E44-2E48406D7595}.Release|x64.Build.0 = Release|x64
		{D7680041-D32C-4CE4-9E44-2E48406D7595}.Release|x86.ActiveCfg = Release|Win32
		{D7680041-D32C-4CE4-9E44-2E48406D7595}.Release|x86.Build.0 = Release|Win32
		{08C89447-59E3-4840-9420-5DAC99F0A494}.Debug|x64.ActiveCfg = Debug|x64
		{08C89447-59E3-4840-9420-5DAC99F0A494}.Debug|x64.Build.0 = Debug|x64
		{08C89447-59E3-4840-9420-5DAC99F0A494}.Debug|x86.ActiveCfg = Debug|Win32
		{08C89447-59E3-4840-9420-5DAC99F0A494}.Debug|x86.Build.0 = Debug|Win32
		{08C89447-59E3-4840-9420-5DAC99F0A494}.Release|x64.ActiveCfg = Release|x64
		{08C89447-59E3-4840-9420-5DAC99F0A494}.Release|x64.Build.0 = Release|x64
		{08C89447-59E3-4840-9420-5DAC99F0A494}.Release|x86.ActiveCfg = Release|Win32
		{08C89447-59E3-4840-9420-5DAC99F0A494}.Release|x86.Build.0 = Release|Win32
		{1245D61D-7E53-4325-98D2-262BE63F6550}.Debug|x64.ActiveCfg = Debug|x64
		{1245D61D-7E53-4325-98D2-262BE63F6550}.Debug|x64.Build.0 = Debug|x64
		{1245D61D-7E53-4325-98D2-262BE63F6550}.Debug|x86.ActiveCfg = Debug|Win32
		{1245D61D-7E53-4325-98D2-262BE63F6550}.Debug|x86.Build.0 = Debug|Win32
		{1245D61D-7E53-4325-98D2-262BE63F6550}.Release|x64.ActiveCfg = Release|x64
		{1245D61D-7E53-4325-98D2-262BE63F6550}.Release|x64.Build.0 = Release|x64
		{1245D61D-7E53-4325-98D2-262BE63F6550}.Release|x86.ActiveCfg = Release|Win32
		{1245D61D-7E53-4325-98D2-262BE63F6550}.Release|x86.Build.0 = Release|Win32
		{B89F9AB9-9B44-4E7A-8579-7F7E74892135}.Debug|x64.ActiveCfg = Debug|x64
		{B89F9AB9-9B44-4E7A-8579-7F7E74892135}.Debug|x64.Build.0 = Debug|x64
		{B89F9AB9-9B44-4E7A-8579-7F7E74892135}.Debug|x86.ActiveCfg = Debug|Win32
		{B89F9AB9-9B44-4E7A-8579-7F7E74892135}.Debug|x86.Build.0 = Debug|Win32
		{B89F9AB9-9B44-4E7A-8579-7F7E74892135}.Release|x64.ActiveCfg = Release|x64
		{B89F9AB9-9B44-4E7A-8579-7F7E74892135}.Release|x64.Build.0 = Release|x64
		{B89F9AB9-9B44-4E7A-8579-7F7E74892135}.Release|x86.ActiveCfg = Release|Win32
		{B89F9AB9-9B44-4E7A-8579-7F7E74892135}.Release|x86.Build.0 = Release|Win32
		{7D6C7750-6516-4DA3-80B4-2FC5A6192FEB}.Debug|x64.ActiveCfg = Debug|x64
		{7D6C7750-6516-4DA3-80B4-2FC5A6192FEB}.Debug|x64.Build.0 = Debug|x64
		{7D6C7750-6516-4DA3-80B4-2FC5A6192FEB}.Debug|x86.ActiveCfg = Debug|Win32
		{7D6C7750-6516-4DA3-80B4-2FC5A6192FEB}.Debug|x86.Build.0 = Debug|Win32
		{7D6C7750-6516-4DA3-80B4-2FC5A6192FEB}.Release|x64.ActiveCfg = Release|x64
		{7D6C7750-6516-4DA3-80B4-2FC5A6192FEB}.Release|x64.Build.0 = Release|x64
		{7D6C7750-6516-4DA3-80B4-2FC5A6192FEB}.Release|x86.ActiveCfg = Release|Win32
		{7D6C7750-6516-4DA3-80B4-2FC5A6192FEB}.Release|x86.Build.0 = Release|Win32
	EndGlobalSection
	GlobalSection(SolutionProperties) = preSolution
		HideSolutionNode = FALSE
	EndGlobalSection
	GlobalSection(ExtensibilityGlobals) = postSolution
		SolutionGuid = {796EED8B-393A-4792-B79D-9DA3BDC3508B}
	EndGlobalSection
EndGlobal
